{
  "name": "frown-out",
  "version": "0.0.1",
  "lockfileVersion": 1,
  "requires": true,
  "dependencies": {
    "spencer-css": {
      "version": "0.0.5",
      "resolved": "https://registry.npmjs.org/spencer-css/-/spencer-css-0.0.5.tgz",
      "integrity": "sha512-EE9wRKJZPxCcvrtZXhe8c8UEwDir61eiz9CTVXG3nN2YF0HVuoQIE6rSp0nFW+z2r/J8Ul7s5jI8mb2Ogs8A+Q==",
      "dev": true
    }
  }
}
